
Microsoft Visual Studio Solution File, Format Version 12.00
# Visual Studio 15
VisualStudioVersion = 15.0.26124.0
MinimumVisualStudioVersion = 15.0.26124.0
Project("{FAE04EC0-301F-11D3-BF4B-00C04F79EFBC}") = "classLib", "classLib\classLib.csproj", "{39403928-4B1D-420A-BE2B-80706733BB21}"
EndProject
Project("{FAE04EC0-301F-11D3-BF4B-00C04F79EFBC}") = "WebAPI", "WebAPI\WebAPI.csproj", "{4C26BBAF-A9CC-47E2-B7A0-E38281C1532F}"
EndProject
Global
	GlobalSection(SolutionConfigurationPlatforms) = preSolution
		Debug|Any CPU = Debug|Any CPU
		Debug|x64 = Debug|x64
		Debug|x86 = Debug|x86
		Release|Any CPU = Release|Any CPU
		Release|x64 = Release|x64
		Release|x86 = Release|x86
	EndGlobalSection
	GlobalSection(SolutionProperties) = preSolution
		HideSolutionNode = FALSE
	EndGlobalSection
	GlobalSection(ProjectConfigurationPlatforms) = postSolution
		{39403928-4B1D-420A-BE2B-80706733BB21}.Debug|Any CPU.ActiveCfg = Debug|Any CPU
		{39403928-4B1D-420A-BE2B-80706733BB21}.Debug|Any CPU.Build.0 = Debug|Any CPU
		{39403928-4B1D-420A-BE2B-80706733BB21}.Debug|x64.ActiveCfg = Debug|Any CPU
		{39403928-4B1D-420A-BE2B-80706733BB21}.Debug|x64.Build.0 = Debug|Any CPU
		{39403928-4B1D-420A-BE2B-80706733BB21}.Debug|x86.ActiveCfg = Debug|Any CPU
		{39403928-4B1D-420A-BE2B-80706733BB21}.Debug|x86.Build.0 = Debug|Any CPU
		{39403928-4B1D-420A-BE2B-80706733BB21}.Release|Any CPU.ActiveCfg = Release|Any CPU
		{39403928-4B1D-420A-BE2B-80706733BB21}.Release|Any CPU.Build.0 = Release|Any CPU
		{39403928-4B1D-420A-BE2B-80706733BB21}.Release|x64.ActiveCfg = Release|Any CPU
		{39403928-4B1D-420A-BE2B-80706733BB21}.Release|x64.Build.0 = Release|Any CPU
		{39403928-4B1D-420A-BE2B-80706733BB21}.Release|x86.ActiveCfg = Release|Any CPU
		{39403928-4B1D-420A-BE2B-80706733BB21}.Release|x86.Build.0 = Release|Any CPU
		{4C26BBAF-A9CC-47E2-B7A0-E38281C1532F}.Debug|Any CPU.ActiveCfg = Debug|Any CPU
		{4C26BBAF-A9CC-47E2-B7A0-E38281C1532F}.Debug|Any CPU.Build.0 = Debug|Any CPU
		{4C26BBAF-A9CC-47E2-B7A0-E38281C1532F}.Debug|x64.ActiveCfg = Debug|Any CPU
		{4C26BBAF-A9CC-47E2-B7A0-E38281C1532F}.Debug|x64.Build.0 = Debug|Any CPU
		{4C26BBAF-A9CC-47E2-B7A0-E38281C1532F}.Debug|x86.ActiveCfg = Debug|Any CPU
		{4C26BBAF-A9CC-47E2-B7A0-E38281C1532F}.Debug|x86.Build.0 = Debug|Any CPU
		{4C26BBAF-A9CC-47E2-B7A0-E38281C1532F}.Release|Any CPU.ActiveCfg = Release|Any CPU
		{4C26BBAF-A9CC-47E2-B7A0-E38281C1532F}.Release|Any CPU.Build.0 = Release|Any CPU
		{4C26BBAF-A9CC-47E2-B7A0-E38281C1532F}.Release|x64.ActiveCfg = Release|Any CPU
		{4C26BBAF-A9CC-47E2-B7A0-E38281C1532F}.Release|x64.Build.0 = Release|Any CPU
		{4C26BBAF-A9CC-47E2-B7A0-E38281C1532F}.Release|x86.ActiveCfg = Release|Any CPU
		{4C26BBAF-A9CC-47E2-B7A0-E38281C1532F}.Release|x86.Build.0 = Release|Any CPU
	EndGlobalSection
EndGlobal
